{
  "name": "BTech",
  "lockfileVersion": 3,
  "requires": true,
  "packages": {
    "": {
      "dependencies": {
        "@emailjs/browser": "^4.4.1",
        "sweetalert2": "^11.12.4"
      }
    },
    "node_modules/@emailjs/browser": {
      "version": "4.4.1",
      "resolved": "https://registry.npmjs.org/@emailjs/browser/-/browser-4.4.1.tgz",
      "integrity": "sha512-DGSlP9sPvyFba3to2A50kDtZ+pXVp/0rhmqs2LmbMS3I5J8FSOgLwzY2Xb4qfKlOVHh29EAutLYwe5yuEZmEFg==",
      "license": "BSD-3-Clause",
      "engines": {
        "node": ">=14.0.0"
      }
    },
    "node_modules/sweetalert2": {
      "version": "11.12.4",
      "resolved": "https://registry.npmjs.org/sweetalert2/-/sweetalert2-11.12.4.tgz",
      "integrity": "sha512-ZSpyaLbAmn4b7xjnV9x9BFD1UOrCAhIzm1D8dZ443kGxtVKqbTIA5SgXs4xeEtmFfEXUyC3RBgpSlu1AXmCiHA==",
      "license": "MIT",
      "funding": {
        "type": "individual",
        "url": "https://github.com/sponsors/limonte"
      }
    }
  }
}
